{
  "lockfileVersion": 1,
  "workspaces": {
    "": {
      "name": "flexilla-examples",
      "devDependencies": {
        "@iconify-json/carbon": "^1.1.27",
        "@unifydev/flexilla": "^0.1.3",
        "typescript": "^5.9.3",
        "unocss": "^66.6.7",
        "vite": "^8.0.1",
      },
    },
  },
  "packages": {
    "@antfu/install-pkg": ["@antfu/install-pkg@1.1.0", "", { "dependencies": { "package-manager-detector": "^1.3.0", "tinyexec": "^1.0.1" } }, "sha512-MGQsmw10ZyI+EJo45CdSER4zEb+p31LpDAFp2Z3gkSd1yqVZGi0Ebx++YTEMonJy4oChEMLsxZ64j8FH6sSqtQ=="],

    "@emnapi/core": ["@emnapi/core@1.9.1", "", { "dependencies": { "@emnapi/wasi-threads": "1.2.0", "tslib": "^2.4.0" } }, "sha512-mukuNALVsoix/w1BJwFzwXBN/dHeejQtuVzcDsfOEsdpCumXb/E9j8w11h5S54tT1xhifGfbbSm/ICrObRb3KA=="],

    "@emnapi/runtime": ["@emnapi/runtime@1.9.1", "", { "dependencies": { "tslib": "^2.4.0" } }, "sha512-VYi5+ZVLhpgK4hQ0TAjiQiZ6ol0oe4mBx7mVv7IflsiEp0OWoVsp/+f9Vc1hOhE0TtkORVrI1GvzyreqpgWtkA=="],

    "@emnapi/wasi-threads": ["@emnapi/wasi-threads@1.2.0", "", { "dependencies": { "tslib": "^2.4.0" } }, "sha512-N10dEJNSsUx41Z6pZsXU8FjPjpBEplgH24sfkmITrBED1/U2Esum9F3lfLrMjKHHjmi557zQn7kR9R+XWXu5Rg=="],

    "@iconify-json/carbon": ["@iconify-json/carbon@1.2.19", "", { "dependencies": { "@iconify/types": "*" } }, "sha512-l89XjtEeSA5fxlxPTNSU9AA+rxaz/Dn0X/ux0/3awR+tAayY8iJqWQu3AKxhchfx3LB/fX1Nv3ZppZzrBAt7aA=="],

    "@iconify/types": ["@iconify/types@2.0.0", "", {}, "sha512-+wluvCrRhXrhyOmRDJ3q8mux9JkKy5SJ/v8ol2tu4FVjyYvtEzkc/3pK15ET6RKg4b4w4BmTk1+gsCUhf21Ykg=="],

    "@iconify/utils": ["@iconify/utils@3.1.0", "", { "dependencies": { "@antfu/install-pkg": "^1.1.0", "@iconify/types": "^2.0.0", "mlly": "^1.8.0" } }, "sha512-Zlzem1ZXhI1iHeeERabLNzBHdOa4VhQbqAcOQaMKuTuyZCpwKbC2R4Dd0Zo3g9EAc+Y4fiarO8HIHRAth7+skw=="],

    "@jridgewell/gen-mapping": ["@jridgewell/gen-mapping@0.3.13", "", { "dependencies": { "@jridgewell/sourcemap-codec": "^1.5.0", "@jridgewell/trace-mapping": "^0.3.24" } }, "sha512-2kkt/7niJ6MgEPxF0bYdQ6etZaA+fQvDcLKckhy1yIQOzaoKjBBjSj63/aLVjYE3qhRt5dvM+uUyfCg6UKCBbA=="],

    "@jridgewell/remapping": ["@jridgewell/remapping@2.3.5", "", { "dependencies": { "@jridgewell/gen-mapping": "^0.3.5", "@jridgewell/trace-mapping": "^0.3.24" } }, "sha512-LI9u/+laYG4Ds1TDKSJW2YPrIlcVYOwi2fUC6xB43lueCjgxV4lffOCZCtYFiH6TNOX+tQKXx97T4IKHbhyHEQ=="],

    "@jridgewell/resolve-uri": ["@jridgewell/resolve-uri@3.1.2", "", {}, "sha512-bRISgCIjP20/tbWSPWMEi54QVPRZExkuD9lJL+UIxUKtwVJA8wW1Trb1jMs1RFXo1CBTNZ/5hpC9QvmKWdopKw=="],

    "@jridgewell/sourcemap-codec": ["@jridgewell/sourcemap-codec@1.5.5", "", {}, "sha512-cYQ9310grqxueWbl+WuIUIaiUaDcj7WOq5fVhEljNVgRfOUhY9fy2zTvfoqWsnebh8Sl70VScFbICvJnLKB0Og=="],

    "@jridgewell/trace-mapping": ["@jridgewell/trace-mapping@0.3.31", "", { "dependencies": { "@jridgewell/resolve-uri": "^3.1.0", "@jridgewell/sourcemap-codec": "^1.4.14" } }, "sha512-zzNR+SdQSDJzc8joaeP8QQoCQr8NuYx2dIIytl1QeBEZHJ9uW6hebsrYgbz8hJwUQao3TWCMtmfV8Nu1twOLAw=="],

    "@napi-rs/wasm-runtime": ["@napi-rs/wasm-runtime@1.1.1", "", { "dependencies": { "@emnapi/core": "^1.7.1", "@emnapi/runtime": "^1.7.1", "@tybys/wasm-util": "^0.10.1" } }, "sha512-p64ah1M1ld8xjWv3qbvFwHiFVWrq1yFvV4f7w+mzaqiR4IlSgkqhcRdHwsGgomwzBH51sRY4NEowLxnaBjcW/A=="],

    "@oxc-parser/binding-android-arm-eabi": ["@oxc-parser/binding-android-arm-eabi@0.115.0", "", { "os": "android", "cpu": "arm" }, "sha512-VoB2rhgoqgYf64d6Qs5emONQW8ASiTc0xp+aUE4JUhxjX+0pE3gblTYDO0upcN5vt9UlBNmUhAwfSifkfre7nw=="],

    "@oxc-parser/binding-android-arm64": ["@oxc-parser/binding-android-arm64@0.115.0", "", { "os": "android", "cpu": "arm64" }, "sha512-lWRX75u+gqfB4TF3pWCHuvhaeneAmRl2b2qNBcl4S6yJ0HtnT4VXOMEZrq747i4Zby1ZTxj6mtOe678Bg8gRLw=="],

    "@oxc-parser/binding-darwin-arm64": ["@oxc-parser/binding-darwin-arm64@0.115.0", "", { "os": "darwin", "cpu": "arm64" }, "sha512-ii/oOZjfGY1aszXTy29Z5DRyCEnBOrAXDVCvfdfXFQsOZlbbOa7NMHD7D+06YFe5qdxfmbWAYv4yn6QJi/0d2g=="],

    "@oxc-parser/binding-darwin-x64": ["@oxc-parser/binding-darwin-x64@0.115.0", "", { "os": "darwin", "cpu": "x64" }, "sha512-R/sW/p8l77wglbjpMcF+h/3rWbp9zk1mRP3U14mxTYIC2k3m+aLBpXXgk2zksqf9qKk5mcc4GIYsuCn9l8TgDg=="],

    "@oxc-parser/binding-freebsd-x64": ["@oxc-parser/binding-freebsd-x64@0.115.0", "", { "os": "freebsd", "cpu": "x64" }, "sha512-CSJ5ldNm9wIGGkhaIJeGmxRMZbgxThRN+X1ufYQQUNi5jZDV/U3C2QDMywpP93fczNBj961hXtcUPO/oVGq4Pw=="],

    "@oxc-parser/binding-linux-arm-gnueabihf": ["@oxc-parser/binding-linux-arm-gnueabihf@0.115.0", "", { "os": "linux", "cpu": "arm" }, "sha512-uWFwssE5dHfQ8lH+ktrsD9JA49+Qa0gtxZHUs62z1e91NgGz6O7jefHGI6aygNyKNS45pnnBSDSP/zV977MsOQ=="],

    "@oxc-parser/binding-linux-arm-musleabihf": ["@oxc-parser/binding-linux-arm-musleabihf@0.115.0", "", { "os": "linux", "cpu": "arm" }, "sha512-fZbqt8y/sKQ+v6bBCuv/mYYFoC0+fZI3mGDDEemmDOhT78+aUs2+4ZMdbd2btlXmnLaScl37r8IRbhnok5Ka9w=="],

    "@oxc-parser/binding-linux-arm64-gnu": ["@oxc-parser/binding-linux-arm64-gnu@0.115.0", "", { "os": "linux", "cpu": "arm64" }, "sha512-1ej/MjuTY9tJEunU/hUPIFmgH5PqgMQoRjNOvOkibtJ3Zqlw/+Lc+HGHDNET8sjbgIkWzdhX+p4J96A5CPdbag=="],

    "@oxc-parser/binding-linux-arm64-musl": ["@oxc-parser/binding-linux-arm64-musl@0.115.0", "", { "os": "linux", "cpu": "arm64" }, "sha512-HjsZbJPH9mMd4swJRywVMsDZsJX0hyKb1iNHo5ijRl5yhtbO3lj7ImSrrL1oZ1VEg0te4iKmDGGz/6YPLd1G8w=="],

    "@oxc-parser/binding-linux-ppc64-gnu": ["@oxc-parser/binding-linux-ppc64-gnu@0.115.0", "", { "os": "linux", "cpu": "ppc64" }, "sha512-zhhePoBrd7kQx3oClX/W6NldsuCbuMqaN9rRsY+6/WoorAb4j490PG/FjqgAXscWp2uSW2WV9L+ksn0wHrvsrg=="],

    "@oxc-parser/binding-linux-riscv64-gnu": ["@oxc-parser/binding-linux-riscv64-gnu@0.115.0", "", { "os": "linux", "cpu": "none" }, "sha512-t/IRojvUE9XrKu+/H1b8YINug+7Q6FLls5rsm2lxB5mnS8GN/eYAYrPgHkcg9/1SueRDSzGpDYu3lGWTObk1zw=="],

    "@oxc-parser/binding-linux-riscv64-musl": ["@oxc-parser/binding-linux-riscv64-musl@0.115.0", "", { "os": "linux", "cpu": "none" }, "sha512-79jBHSSh/YpQRAmvYoaCfpyToRbJ/HBrdB7hxK2ku2JMehjopTVo+xMJss/RV7/ZYqeezgjvKDQzapJbgcjVZA=="],

    "@oxc-parser/binding-linux-s390x-gnu": ["@oxc-parser/binding-linux-s390x-gnu@0.115.0", "", { "os": "linux", "cpu": "s390x" }, "sha512-nA1TpxkhNTIOMMyiSSsa7XIVJVoOU/SsVrHIz3gHvWweB5PHCQfO7w+Lb2EP0lBWokv7HtA/KbF7aLDoXzmuMw=="],

    "@oxc-parser/binding-linux-x64-gnu": ["@oxc-parser/binding-linux-x64-gnu@0.115.0", "", { "os": "linux", "cpu": "x64" }, "sha512-9iVX789DoC3SaOOG+X6NcF/tVChgLp2vcHffzOC2/Z1JTPlz6bMG2ogvcW6/9s0BG2qvhNQImd+gbWYeQbOwVw=="],

    "@oxc-parser/binding-linux-x64-musl": ["@oxc-parser/binding-linux-x64-musl@0.115.0", "", { "os": "linux", "cpu": "x64" }, "sha512-RmQmk+mjCB0nMNfEYhaCxwofLo1Z95ebHw1AGvRiWGCd4zhCNOyskgCbMogIcQzSB3SuEKWgkssyaiQYVAA4hQ=="],

    "@oxc-parser/binding-openharmony-arm64": ["@oxc-parser/binding-openharmony-arm64@0.115.0", "", { "os": "none", "cpu": "arm64" }, "sha512-viigraWWQhhDvX5aGq+wrQq58k00Xq3MHz/0R4AFMxGlZ8ogNonpEfNc73Q5Ly87Z6sU9BvxEdG0dnYTfVnmew=="],

    "@oxc-parser/binding-wasm32-wasi": ["@oxc-parser/binding-wasm32-wasi@0.115.0", "", { "dependencies": { "@napi-rs/wasm-runtime": "^1.1.1" }, "cpu": "none" }, "sha512-IzGCrMwXhpb4kTXy/8lnqqqwjI7eOvy+r9AhVw+hsr8t1ecBBEHprcNy0aKatFHN6hsX7UMHHQmBAQjVvL/p1A=="],

    "@oxc-parser/binding-win32-arm64-msvc": ["@oxc-parser/binding-win32-arm64-msvc@0.115.0", "", { "os": "win32", "cpu": "arm64" }, "sha512-/ym+Absk/TLFvbhh3se9XYuI1D7BrUVHw4RaG/2dmWKgBenrZHaJsgnRb7NJtaOyjEOLIPtULx1wDdVL0SX2eg=="],

    "@oxc-parser/binding-win32-ia32-msvc": ["@oxc-parser/binding-win32-ia32-msvc@0.115.0", "", { "os": "win32", "cpu": "ia32" }, "sha512-AQSZjIR+b+Te7uaO/hGTMjT8/oxlYrvKrOTi4KTHF/O6osjHEatUQ3y6ZW2+8+lJxy20zIcGz6iQFmFq/qDKkg=="],

    "@oxc-parser/binding-win32-x64-msvc": ["@oxc-parser/binding-win32-x64-msvc@0.115.0", "", { "os": "win32", "cpu": "x64" }, "sha512-oxUl82N+fIO9jIaXPph8SPPHQXrA08BHokBBJW8ct9F/x6o6bZE6eUAhUtWajbtvFhL8UYcCWRMba+kww6MBlA=="],

    "@oxc-project/types": ["@oxc-project/types@0.120.0", "", {}, "sha512-k1YNu55DuvAip/MGE1FTsIuU3FUCn6v/ujG9V7Nq5Df/kX2CWb13hhwD0lmJGMGqE+bE1MXvv9SZVnMzEXlWcg=="],

    "@polka/url": ["@polka/url@1.0.0-next.29", "", {}, "sha512-wwQAWhWSuHaag8c4q/KN/vCoeOJYshAIvMQwD4GpSb3OiZklFfvAgmj0VCBBImRpuF/aFgIRzllXlVX93Jevww=="],

    "@quansync/fs": ["@quansync/fs@1.0.0", "", { "dependencies": { "quansync": "^1.0.0" } }, "sha512-4TJ3DFtlf1L5LDMaM6CanJ/0lckGNtJcMjQ1NAV6zDmA0tEHKZtxNKin8EgPaVX1YzljbxckyT2tJrpQKAtngQ=="],

    "@rolldown/binding-android-arm64": ["@rolldown/binding-android-arm64@1.0.0-rc.10", "", { "os": "android", "cpu": "arm64" }, "sha512-jOHxwXhxmFKuXztiu1ORieJeTbx5vrTkcOkkkn2d35726+iwhrY1w/+nYY/AGgF12thg33qC3R1LMBF5tHTZHg=="],

    "@rolldown/binding-darwin-arm64": ["@rolldown/binding-darwin-arm64@1.0.0-rc.10", "", { "os": "darwin", "cpu": "arm64" }, "sha512-gED05Teg/vtTZbIJBc4VNMAxAFDUPkuO/rAIyyxZjTj1a1/s6z5TII/5yMGZ0uLRCifEtwUQn8OlYzuYc0m70w=="],

    "@rolldown/binding-darwin-x64": ["@rolldown/binding-darwin-x64@1.0.0-rc.10", "", { "os": "darwin", "cpu": "x64" }, "sha512-rI15NcM1mA48lqrIxVkHfAqcyFLcQwyXWThy+BQ5+mkKKPvSO26ir+ZDp36AgYoYVkqvMcdS8zOE6SeBsR9e8A=="],

    "@rolldown/binding-freebsd-x64": ["@rolldown/binding-freebsd-x64@1.0.0-rc.10", "", { "os": "freebsd", "cpu": "x64" }, "sha512-XZRXHdTa+4ME1MuDVp021+doQ+z6Ei4CCFmNc5/sKbqb8YmkiJdj8QKlV3rCI0AJtAeSB5n0WGPuJWNL9p/L2w=="],

    "@rolldown/binding-linux-arm-gnueabihf": ["@rolldown/binding-linux-arm-gnueabihf@1.0.0-rc.10", "", { "os": "linux", "cpu": "arm" }, "sha512-R0SQMRluISSLzFE20sPWYHVmJdDQnRyc/FzSCN72BqQmh2SOZUFG+N3/vBZpR4C6WpEUVYJLrYUXaj43sJsNLA=="],

    "@rolldown/binding-linux-arm64-gnu": ["@rolldown/binding-linux-arm64-gnu@1.0.0-rc.10", "", { "os": "linux", "cpu": "arm64" }, "sha512-Y1reMrV/o+cwpduYhJuOE3OMKx32RMYCidf14y+HssARRmhDuWXJ4yVguDg2R/8SyyGNo+auzz64LnPK9Hq6jg=="],

    "@rolldown/binding-linux-arm64-musl": ["@rolldown/binding-linux-arm64-musl@1.0.0-rc.10", "", { "os": "linux", "cpu": "arm64" }, "sha512-vELN+HNb2IzuzSBUOD4NHmP9yrGwl1DVM29wlQvx1OLSclL0NgVWnVDKl/8tEks79EFek/kebQKnNJkIAA4W2g=="],

    "@rolldown/binding-linux-ppc64-gnu": ["@rolldown/binding-linux-ppc64-gnu@1.0.0-rc.10", "", { "os": "linux", "cpu": "ppc64" }, "sha512-ZqrufYTgzxbHwpqOjzSsb0UV/aV2TFIY5rP8HdsiPTv/CuAgCRjM6s9cYFwQ4CNH+hf9Y4erHW1GjZuZ7WoI7w=="],

    "@rolldown/binding-linux-s390x-gnu": ["@rolldown/binding-linux-s390x-gnu@1.0.0-rc.10", "", { "os": "linux", "cpu": "s390x" }, "sha512-gSlmVS1FZJSRicA6IyjoRoKAFK7IIHBs7xJuHRSmjImqk3mPPWbR7RhbnfH2G6bcmMEllCt2vQ/7u9e6bBnByg=="],

    "@rolldown/binding-linux-x64-gnu": ["@rolldown/binding-linux-x64-gnu@1.0.0-rc.10", "", { "os": "linux", "cpu": "x64" }, "sha512-eOCKUpluKgfObT2pHjztnaWEIbUabWzk3qPZ5PuacuPmr4+JtQG4k2vGTY0H15edaTnicgU428XW/IH6AimcQw=="],

    "@rolldown/binding-linux-x64-musl": ["@rolldown/binding-linux-x64-musl@1.0.0-rc.10", "", { "os": "linux", "cpu": "x64" }, "sha512-Xdf2jQbfQowJnLcgYfD/m0Uu0Qj5OdxKallD78/IPPfzaiaI4KRAwZzHcKQ4ig1gtg1SuzC7jovNiM2TzQsBXA=="],

    "@rolldown/binding-openharmony-arm64": ["@rolldown/binding-openharmony-arm64@1.0.0-rc.10", "", { "os": "none", "cpu": "arm64" }, "sha512-o1hYe8hLi1EY6jgPFyxQgQ1wcycX+qz8eEbVmot2hFkgUzPxy9+kF0u0NIQBeDq+Mko47AkaFFaChcvZa9UX9Q=="],

    "@rolldown/binding-wasm32-wasi": ["@rolldown/binding-wasm32-wasi@1.0.0-rc.10", "", { "dependencies": { "@napi-rs/wasm-runtime": "^1.1.1" }, "cpu": "none" }, "sha512-Ugv9o7qYJudqQO5Y5y2N2SOo6S4WiqiNOpuQyoPInnhVzCY+wi/GHltcLHypG9DEUYMB0iTB/huJrpadiAcNcA=="],

    "@rolldown/binding-win32-arm64-msvc": ["@rolldown/binding-win32-arm64-msvc@1.0.0-rc.10", "", { "os": "win32", "cpu": "arm64" }, "sha512-7UODQb4fQUNT/vmgDZBl3XOBAIOutP5R3O/rkxg0aLfEGQ4opbCgU5vOw/scPe4xOqBwL9fw7/RP1vAMZ6QlAQ=="],

    "@rolldown/binding-win32-x64-msvc": ["@rolldown/binding-win32-x64-msvc@1.0.0-rc.10", "", { "os": "win32", "cpu": "x64" }, "sha512-PYxKHMVHOb5NJuDL53vBUl1VwUjymDcYI6rzpIni0C9+9mTiJedvUxSk7/RPp7OOAm3v+EjgMu9bIy3N6b408w=="],

    "@rolldown/pluginutils": ["@rolldown/pluginutils@1.0.0-rc.10", "", {}, "sha512-UkVDEFk1w3mveXeKgaTuYfKWtPbvgck1dT8TUG3bnccrH0XtLTuAyfCoks4Q/M5ZGToSVJTIQYCzy2g/atAOeg=="],

    "@tybys/wasm-util": ["@tybys/wasm-util@0.10.1", "", { "dependencies": { "tslib": "^2.4.0" } }, "sha512-9tTaPJLSiejZKx+Bmog4uSubteqTvFrVrURwkmHixBo0G4seD0zUxp98E1DzUBJxLQ3NPwXrGKDiVjwx/DpPsg=="],

    "@types/estree": ["@types/estree@1.0.8", "", {}, "sha512-dWHzHa2WqEXI/O1E9OjrocMTKJl2mSrEolh1Iomrv6U+JuNwaHXsXx9bLu5gG7BUWFIN0skIQJQ/L1rIex4X6w=="],

    "@unifydev/flexilla": ["@unifydev/flexilla@0.1.3", "", { "dependencies": { "@unifydev/unify-variant": "latest" } }, "sha512-kPodWh9V2Udw9zHQW3/N0LY3rh7CoEnU/DSEuXbPmGkL4HiI1JGTQCPkyCaaabQQm+5M7WWBn9J7iQVGvBgnIQ=="],

    "@unifydev/unify-variant": ["@unifydev/unify-variant@0.3.0", "", {}, "sha512-H+udnWGtnEpN8sb1lk3a1tbAtl9I/HLu4eNbwyttwUncZrMZT3SZc6EAnQVRjc39ZK7AxBFaBIZvbCxskv57zQ=="],

    "@unocss/cli": ["@unocss/cli@66.6.7", "", { "dependencies": { "@jridgewell/remapping": "^2.3.5", "@unocss/config": "66.6.7", "@unocss/core": "66.6.7", "@unocss/preset-wind3": "66.6.7", "@unocss/preset-wind4": "66.6.7", "@unocss/transformer-directives": "66.6.7", "cac": "^6.7.14", "chokidar": "^5.0.0", "colorette": "^2.0.20", "consola": "^3.4.2", "magic-string": "^0.30.21", "pathe": "^2.0.3", "perfect-debounce": "^2.1.0", "tinyglobby": "^0.2.15", "unplugin-utils": "^0.3.1" }, "bin": { "unocss": "bin/unocss.mjs" } }, "sha512-m/yW5HMVyxfAOeyO4OyA4JB9dY+/gTsk25ucI8xVCFVDEENPEGr+vEqTDOA+vfe6pdURtyDYS7OrhikIRU1WNA=="],

    "@unocss/config": ["@unocss/config@66.6.7", "", { "dependencies": { "@unocss/core": "66.6.7", "colorette": "^2.0.20", "consola": "^3.4.2", "unconfig": "^7.5.0" } }, "sha512-1uleyRLyJc6PNNc2L3hEaKL89zXwvQAtP36oFySgL47RAxZHPZ4vfqFpbwR0eEN4iSqTS24ZFr7CTRWCaEGjzQ=="],

    "@unocss/core": ["@unocss/core@66.6.7", "", {}, "sha512-Q8456iWFtdwrUNYKVOQY8ygRggjZOVtLc6Jc8KIkxig7OiNlUWOgXJTfCh4I8g6jBYzC5eHaHFDLgJOmOrxBsg=="],

    "@unocss/extractor-arbitrary-variants": ["@unocss/extractor-arbitrary-variants@66.6.7", "", { "dependencies": { "@unocss/core": "66.6.7" } }, "sha512-PQiBHK0yUJ0BR+3GYnTPU6va6HVSRPV+O+s1zZmt23TWbyIeucoKCNR47TDtv+Z1xuksY8krIjtDYtufdrVWKw=="],

    "@unocss/inspector": ["@unocss/inspector@66.6.7", "", { "dependencies": { "@unocss/core": "66.6.7", "@unocss/rule-utils": "66.6.7", "colorette": "^2.0.20", "gzip-size": "^6.0.0", "sirv": "^3.0.2" } }, "sha512-4lA70A/wy9dfSDm7rJ5Uq5fKz+/Szm2rUcHjdbLCVNEc6vv2YXeI7aFvP5qDjTp4ClBSF2AMPnF1mtoMQOfDvA=="],

    "@unocss/preset-attributify": ["@unocss/preset-attributify@66.6.7", "", { "dependencies": { "@unocss/core": "66.6.7" } }, "sha512-thtoLQb53+Acy2QJYT6n+YhgNJ5ilhS8k9bqi+UzflbsuK4TJqOuQQjC9fRkULP5QjtNxgqN3d5Up7ms8tBPDA=="],

    "@unocss/preset-icons": ["@unocss/preset-icons@66.6.7", "", { "dependencies": { "@iconify/utils": "^3.1.0", "@unocss/core": "66.6.7", "ofetch": "^1.5.1" } }, "sha512-mGAOyI/qz1pZUV1BcOtWAMm5czdFCjhFCYcDk0KY+Jw37pKRVSQRFeh4gpHuYKmehGv36caLyVrWXpTAwRBdFQ=="],

    "@unocss/preset-mini": ["@unocss/preset-mini@66.6.7", "", { "dependencies": { "@unocss/core": "66.6.7", "@unocss/extractor-arbitrary-variants": "66.6.7", "@unocss/rule-utils": "66.6.7" } }, "sha512-tf0mqiSEhPQ49WZOqjNhxlbZbNakiBLzCoxfLSzqfIGglOPYShP8mxsdp9Jv0n+Ntn0rHcBiX5KTLfax1/Bd9g=="],

    "@unocss/preset-tagify": ["@unocss/preset-tagify@66.6.7", "", { "dependencies": { "@unocss/core": "66.6.7" } }, "sha512-0WeQf+Dx9Ztv3aewkBKEnAfOauSjvWBlfkpsgLpXcCkyGMnCqq87UrAq3+b76TDJvQc8i2ADlvVGK7V1z0JZQg=="],

    "@unocss/preset-typography": ["@unocss/preset-typography@66.6.7", "", { "dependencies": { "@unocss/core": "66.6.7", "@unocss/rule-utils": "66.6.7" } }, "sha512-RA7MwPDD5N9xGrbWnguVm5tP+F4/n/9X1rJsq2nBjvvK2dbtIRJZjRFM1vBDsR0GIhtvbHMoTchZaSZed5I+Hw=="],

    "@unocss/preset-uno": ["@unocss/preset-uno@66.6.7", "", { "dependencies": { "@unocss/core": "66.6.7", "@unocss/preset-wind3": "66.6.7" } }, "sha512-imGCe6Yv2XgrJxP77gV8WZCz0xL99MsGov5rYn64lh2/tcsHF2rUIhTj/Urgxt0kwk8rLFtGbR1JuwPMNL5EDw=="],

    "@unocss/preset-web-fonts": ["@unocss/preset-web-fonts@66.6.7", "", { "dependencies": { "@unocss/core": "66.6.7", "ofetch": "^1.5.1" } }, "sha512-GLjUoSL/kYt1Yw2zpzixKnxvpHgLHAg0JXiPglct4PZ9YmUzCPbvJ/vVn+0AnB8Fxr29Z8NAFSNoX625ZaRonQ=="],

    "@unocss/preset-wind": ["@unocss/preset-wind@66.6.7", "", { "dependencies": { "@unocss/core": "66.6.7", "@unocss/preset-wind3": "66.6.7" } }, "sha512-jxtAN96jljd+KglbhPv6Y/ujceI5rVdrLQimj4KUTPoYBPEiWadzsGKN3o8Q07hlPRg+hBlO0r4tGSUWl+/EZQ=="],

    "@unocss/preset-wind3": ["@unocss/preset-wind3@66.6.7", "", { "dependencies": { "@unocss/core": "66.6.7", "@unocss/preset-mini": "66.6.7", "@unocss/rule-utils": "66.6.7" } }, "sha512-PKyqeRzlIMd3Irdt6fCKMm73zgwweiXESk5edUK8dVWndvPIcZCOqrEq7yg6Pr/Q8tHdq26viYSkVY3a3t8RSg=="],

    "@unocss/preset-wind4": ["@unocss/preset-wind4@66.6.7", "", { "dependencies": { "@unocss/core": "66.6.7", "@unocss/extractor-arbitrary-variants": "66.6.7", "@unocss/rule-utils": "66.6.7" } }, "sha512-9grhWeBsFzpv8iER9AFATRaxLyXMCwGQ5HzeI4XZh2ZZ9O6vC7nYfGhns4/I+F/RpFglzU1bjqMWRS/DS8OpGQ=="],

    "@unocss/rule-utils": ["@unocss/rule-utils@66.6.7", "", { "dependencies": { "@unocss/core": "^66.6.7", "magic-string": "^0.30.21" } }, "sha512-4PT/s8yKIShSqP9XPSw4EjbZopcu3wlIB9i3kbGbzQwF91H+0Yy10guK3kHDGtkmWVN6Np6VvaGIj2UcbmaivA=="],

    "@unocss/transformer-attributify-jsx": ["@unocss/transformer-attributify-jsx@66.6.7", "", { "dependencies": { "@unocss/core": "66.6.7", "oxc-parser": "^0.115.0", "oxc-walker": "^0.7.0" } }, "sha512-r5bsnaPVe4iySLK5G5rA/QPSKmpPjYT9lixEv+KElvZcqZ+cPpkGoo+E+rnTcapu9KDMOVJItH/4Zy9m4AQ1ZQ=="],

    "@unocss/transformer-compile-class": ["@unocss/transformer-compile-class@66.6.7", "", { "dependencies": { "@unocss/core": "66.6.7" } }, "sha512-4uz4jCyq8VUaSPveXhelUWUNaTnetPFvEmXzmbYJ5BygAlUlipNynffUlUusDQmBBRrfZhJNB5J1Zif2Q6oUiA=="],

    "@unocss/transformer-directives": ["@unocss/transformer-directives@66.6.7", "", { "dependencies": { "@unocss/core": "66.6.7", "@unocss/rule-utils": "66.6.7", "css-tree": "^3.1.0" } }, "sha512-z3gi8/cD2P0I+c6jOPZUtsPXknHwVNlMIitSh7LhyM6W3EqbqvDcYH2gFeGhdhoYcN2r5OpTBujq34iz4IdUxA=="],

    "@unocss/transformer-variant-group": ["@unocss/transformer-variant-group@66.6.7", "", { "dependencies": { "@unocss/core": "66.6.7" } }, "sha512-XouJuQCjYJpvR3sY4QDXnGXxtyJ4qgWFG+S9bAB01TTslhQLvNPE9o2+4gZlltnJLqxiPQWuLeJA1KdPD6ciww=="],

    "@unocss/vite": ["@unocss/vite@66.6.7", "", { "dependencies": { "@jridgewell/remapping": "^2.3.5", "@unocss/config": "66.6.7", "@unocss/core": "66.6.7", "@unocss/inspector": "66.6.7", "chokidar": "^5.0.0", "magic-string": "^0.30.21", "pathe": "^2.0.3", "tinyglobby": "^0.2.15", "unplugin-utils": "^0.3.1" }, "peerDependencies": { "vite": "^2.9.0 || ^3.0.0-0 || ^4.0.0 || ^5.0.0-0 || ^6.0.0-0 || ^7.0.0-0 || ^8.0.0-0" } }, "sha512-8AHrVzAecnQaPLJv3/mpyFt5j2iL3gEwkZcZ8HzjH5ttK2XON1YE9vgujN5NS/yvZwlJxCMNPxn0S410/Ek61A=="],

    "acorn": ["acorn@8.16.0", "", { "bin": { "acorn": "bin/acorn" } }, "sha512-UVJyE9MttOsBQIDKw1skb9nAwQuR5wuGD3+82K6JgJlm/Y+KI92oNsMNGZCYdDsVtRHSak0pcV5Dno5+4jh9sw=="],

    "cac": ["cac@6.7.14", "", {}, "sha512-b6Ilus+c3RrdDk+JhLKUAQfzzgLEPy6wcXqS7f/xe1EETvsDP6GORG7SFuOs6cID5YkqchW/LXZbX5bc8j7ZcQ=="],

    "chokidar": ["chokidar@5.0.0", "", { "dependencies": { "readdirp": "^5.0.0" } }, "sha512-TQMmc3w+5AxjpL8iIiwebF73dRDF4fBIieAqGn9RGCWaEVwQ6Fb2cGe31Yns0RRIzii5goJ1Y7xbMwo1TxMplw=="],

    "colorette": ["colorette@2.0.20", "", {}, "sha512-IfEDxwoWIjkeXL1eXcDiow4UbKjhLdq6/EuSVR9GMN7KVH3r9gQ83e73hsz1Nd1T3ijd5xv1wcWRYO+D6kCI2w=="],

    "confbox": ["confbox@0.1.8", "", {}, "sha512-RMtmw0iFkeR4YV+fUOSucriAQNb9g8zFR52MWCtl+cCZOFRNL6zeB395vPzFhEjjn4fMxXudmELnl/KF/WrK6w=="],

    "consola": ["consola@3.4.2", "", {}, "sha512-5IKcdX0nnYavi6G7TtOhwkYzyjfJlatbjMjuLSfE2kYT5pMDOilZ4OvMhi637CcDICTmz3wARPoyhqyX1Y+XvA=="],

    "css-tree": ["css-tree@3.2.1", "", { "dependencies": { "mdn-data": "2.27.1", "source-map-js": "^1.2.1" } }, "sha512-X7sjQzceUhu1u7Y/ylrRZFU2FS6LRiFVp6rKLPg23y3x3c3DOKAwuXGDp+PAGjh6CSnCjYeAul8pcT8bAl+lSA=="],

    "defu": ["defu@6.1.4", "", {}, "sha512-mEQCMmwJu317oSz8CwdIOdwf3xMif1ttiM8LTufzc3g6kR+9Pe236twL8j3IYT1F7GfRgGcW6MWxzZjLIkuHIg=="],

    "destr": ["destr@2.0.5", "", {}, "sha512-ugFTXCtDZunbzasqBxrK93Ik/DRYsO6S/fedkWEMKqt04xZ4csmnmwGDBAb07QWNaGMAmnTIemsYZCksjATwsA=="],

    "detect-libc": ["detect-libc@2.1.2", "", {}, "sha512-Btj2BOOO83o3WyH59e8MgXsxEQVcarkUOpEYrubB0urwnN10yQ364rsiByU11nZlqWYZm05i/of7io4mzihBtQ=="],

    "duplexer": ["duplexer@0.1.2", "", {}, "sha512-jtD6YG370ZCIi/9GTaJKQxWTZD045+4R4hTk/x1UyoqadyJ9x9CgSi1RlVDQF8U2sxLLSnFkCaMihqljHIWgMg=="],

    "estree-walker": ["estree-walker@3.0.3", "", { "dependencies": { "@types/estree": "^1.0.0" } }, "sha512-7RUKfXgSMMkzt6ZuXmqapOurLGPPfgj6l9uRZ7lRGolvk0y2yocc35LdcxKC5PQZdn2DMqioAQ2NoWcrTKmm6g=="],

    "fdir": ["fdir@6.5.0", "", { "peerDependencies": { "picomatch": "^3 || ^4" }, "optionalPeers": ["picomatch"] }, "sha512-tIbYtZbucOs0BRGqPJkshJUYdL+SDH7dVM8gjy+ERp3WAUjLEFJE+02kanyHtwjWOnwrKYBiwAmM0p4kLJAnXg=="],

    "fsevents": ["fsevents@2.3.3", "", { "os": "darwin" }, "sha512-5xoDfX+fL7faATnagmWPpbFtwh/R77WmMMqqHGS65C3vvB0YHrgF+B1YmZ3441tMj5n63k0212XNoJwzlhffQw=="],

    "gzip-size": ["gzip-size@6.0.0", "", { "dependencies": { "duplexer": "^0.1.2" } }, "sha512-ax7ZYomf6jqPTQ4+XCpUGyXKHk5WweS+e05MBO4/y3WJ5RkmPXNKvX+bx1behVILVwr6JSQvZAku021CHPXG3Q=="],

    "jiti": ["jiti@2.6.1", "", { "bin": { "jiti": "lib/jiti-cli.mjs" } }, "sha512-ekilCSN1jwRvIbgeg/57YFh8qQDNbwDb9xT/qu2DAHbFFZUicIl4ygVaAvzveMhMVr3LnpSKTNnwt8PoOfmKhQ=="],

    "lightningcss": ["lightningcss@1.32.0", "", { "dependencies": { "detect-libc": "^2.0.3" }, "optionalDependencies": { "lightningcss-android-arm64": "1.32.0", "lightningcss-darwin-arm64": "1.32.0", "lightningcss-darwin-x64": "1.32.0", "lightningcss-freebsd-x64": "1.32.0", "lightningcss-linux-arm-gnueabihf": "1.32.0", "lightningcss-linux-arm64-gnu": "1.32.0", "lightningcss-linux-arm64-musl": "1.32.0", "lightningcss-linux-x64-gnu": "1.32.0", "lightningcss-linux-x64-musl": "1.32.0", "lightningcss-win32-arm64-msvc": "1.32.0", "lightningcss-win32-x64-msvc": "1.32.0" } }, "sha512-NXYBzinNrblfraPGyrbPoD19C1h9lfI/1mzgWYvXUTe414Gz/X1FD2XBZSZM7rRTrMA8JL3OtAaGifrIKhQ5yQ=="],

    "lightningcss-android-arm64": ["lightningcss-android-arm64@1.32.0", "", { "os": "android", "cpu": "arm64" }, "sha512-YK7/ClTt4kAK0vo6w3X+Pnm0D2cf2vPHbhOXdoNti1Ga0al1P4TBZhwjATvjNwLEBCnKvjJc2jQgHXH0NEwlAg=="],

    "lightningcss-darwin-arm64": ["lightningcss-darwin-arm64@1.32.0", "", { "os": "darwin", "cpu": "arm64" }, "sha512-RzeG9Ju5bag2Bv1/lwlVJvBE3q6TtXskdZLLCyfg5pt+HLz9BqlICO7LZM7VHNTTn/5PRhHFBSjk5lc4cmscPQ=="],

    "lightningcss-darwin-x64": ["lightningcss-darwin-x64@1.32.0", "", { "os": "darwin", "cpu": "x64" }, "sha512-U+QsBp2m/s2wqpUYT/6wnlagdZbtZdndSmut/NJqlCcMLTWp5muCrID+K5UJ6jqD2BFshejCYXniPDbNh73V8w=="],

    "lightningcss-freebsd-x64": ["lightningcss-freebsd-x64@1.32.0", "", { "os": "freebsd", "cpu": "x64" }, "sha512-JCTigedEksZk3tHTTthnMdVfGf61Fky8Ji2E4YjUTEQX14xiy/lTzXnu1vwiZe3bYe0q+SpsSH/CTeDXK6WHig=="],

    "lightningcss-linux-arm-gnueabihf": ["lightningcss-linux-arm-gnueabihf@1.32.0", "", { "os": "linux", "cpu": "arm" }, "sha512-x6rnnpRa2GL0zQOkt6rts3YDPzduLpWvwAF6EMhXFVZXD4tPrBkEFqzGowzCsIWsPjqSK+tyNEODUBXeeVHSkw=="],

    "lightningcss-linux-arm64-gnu": ["lightningcss-linux-arm64-gnu@1.32.0", "", { "os": "linux", "cpu": "arm64" }, "sha512-0nnMyoyOLRJXfbMOilaSRcLH3Jw5z9HDNGfT/gwCPgaDjnx0i8w7vBzFLFR1f6CMLKF8gVbebmkUN3fa/kQJpQ=="],

    "lightningcss-linux-arm64-musl": ["lightningcss-linux-arm64-musl@1.32.0", "", { "os": "linux", "cpu": "arm64" }, "sha512-UpQkoenr4UJEzgVIYpI80lDFvRmPVg6oqboNHfoH4CQIfNA+HOrZ7Mo7KZP02dC6LjghPQJeBsvXhJod/wnIBg=="],

    "lightningcss-linux-x64-gnu": ["lightningcss-linux-x64-gnu@1.32.0", "", { "os": "linux", "cpu": "x64" }, "sha512-V7Qr52IhZmdKPVr+Vtw8o+WLsQJYCTd8loIfpDaMRWGUZfBOYEJeyJIkqGIDMZPwPx24pUMfwSxxI8phr/MbOA=="],

    "lightningcss-linux-x64-musl": ["lightningcss-linux-x64-musl@1.32.0", "", { "os": "linux", "cpu": "x64" }, "sha512-bYcLp+Vb0awsiXg/80uCRezCYHNg1/l3mt0gzHnWV9XP1W5sKa5/TCdGWaR/zBM2PeF/HbsQv/j2URNOiVuxWg=="],

    "lightningcss-win32-arm64-msvc": ["lightningcss-win32-arm64-msvc@1.32.0", "", { "os": "win32", "cpu": "arm64" }, "sha512-8SbC8BR40pS6baCM8sbtYDSwEVQd4JlFTOlaD3gWGHfThTcABnNDBda6eTZeqbofalIJhFx0qKzgHJmcPTnGdw=="],

    "lightningcss-win32-x64-msvc": ["lightningcss-win32-x64-msvc@1.32.0", "", { "os": "win32", "cpu": "x64" }, "sha512-Amq9B/SoZYdDi1kFrojnoqPLxYhQ4Wo5XiL8EVJrVsB8ARoC1PWW6VGtT0WKCemjy8aC+louJnjS7U18x3b06Q=="],

    "magic-regexp": ["magic-regexp@0.10.0", "", { "dependencies": { "estree-walker": "^3.0.3", "magic-string": "^0.30.12", "mlly": "^1.7.2", "regexp-tree": "^0.1.27", "type-level-regexp": "~0.1.17", "ufo": "^1.5.4", "unplugin": "^2.0.0" } }, "sha512-Uly1Bu4lO1hwHUW0CQeSWuRtzCMNO00CmXtS8N6fyvB3B979GOEEeAkiTUDsmbYLAbvpUS/Kt5c4ibosAzVyVg=="],

    "magic-string": ["magic-string@0.30.21", "", { "dependencies": { "@jridgewell/sourcemap-codec": "^1.5.5" } }, "sha512-vd2F4YUyEXKGcLHoq+TEyCjxueSeHnFxyyjNp80yg0XV4vUhnDer/lvvlqM/arB5bXQN5K2/3oinyCRyx8T2CQ=="],

    "mdn-data": ["mdn-data@2.27.1", "", {}, "sha512-9Yubnt3e8A0OKwxYSXyhLymGW4sCufcLG6VdiDdUGVkPhpqLxlvP5vl1983gQjJl3tqbrM731mjaZaP68AgosQ=="],

    "mlly": ["mlly@1.8.2", "", { "dependencies": { "acorn": "^8.16.0", "pathe": "^2.0.3", "pkg-types": "^1.3.1", "ufo": "^1.6.3" } }, "sha512-d+ObxMQFmbt10sretNDytwt85VrbkhhUA/JBGm1MPaWJ65Cl4wOgLaB1NYvJSZ0Ef03MMEU/0xpPMXUIQ29UfA=="],

    "mrmime": ["mrmime@2.0.1", "", {}, "sha512-Y3wQdFg2Va6etvQ5I82yUhGdsKrcYox6p7FfL1LbK2J4V01F9TGlepTIhnK24t7koZibmg82KGglhA1XK5IsLQ=="],

    "nanoid": ["nanoid@3.3.11", "", { "bin": { "nanoid": "bin/nanoid.cjs" } }, "sha512-N8SpfPUnUp1bK+PMYW8qSWdl9U+wwNWI4QKxOYDy9JAro3WMX7p2OeVRF9v+347pnakNevPmiHhNmZ2HbFA76w=="],

    "node-fetch-native": ["node-fetch-native@1.6.7", "", {}, "sha512-g9yhqoedzIUm0nTnTqAQvueMPVOuIY16bqgAJJC8XOOubYFNwz6IER9qs0Gq2Xd0+CecCKFjtdDTMA4u4xG06Q=="],

    "ofetch": ["ofetch@1.5.1", "", { "dependencies": { "destr": "^2.0.5", "node-fetch-native": "^1.6.7", "ufo": "^1.6.1" } }, "sha512-2W4oUZlVaqAPAil6FUg/difl6YhqhUR7x2eZY4bQCko22UXg3hptq9KLQdqFClV+Wu85UX7hNtdGTngi/1BxcA=="],

    "oxc-parser": ["oxc-parser@0.115.0", "", { "dependencies": { "@oxc-project/types": "^0.115.0" }, "optionalDependencies": { "@oxc-parser/binding-android-arm-eabi": "0.115.0", "@oxc-parser/binding-android-arm64": "0.115.0", "@oxc-parser/binding-darwin-arm64": "0.115.0", "@oxc-parser/binding-darwin-x64": "0.115.0", "@oxc-parser/binding-freebsd-x64": "0.115.0", "@oxc-parser/binding-linux-arm-gnueabihf": "0.115.0", "@oxc-parser/binding-linux-arm-musleabihf": "0.115.0", "@oxc-parser/binding-linux-arm64-gnu": "0.115.0", "@oxc-parser/binding-linux-arm64-musl": "0.115.0", "@oxc-parser/binding-linux-ppc64-gnu": "0.115.0", "@oxc-parser/binding-linux-riscv64-gnu": "0.115.0", "@oxc-parser/binding-linux-riscv64-musl": "0.115.0", "@oxc-parser/binding-linux-s390x-gnu": "0.115.0", "@oxc-parser/binding-linux-x64-gnu": "0.115.0", "@oxc-parser/binding-linux-x64-musl": "0.115.0", "@oxc-parser/binding-openharmony-arm64": "0.115.0", "@oxc-parser/binding-wasm32-wasi": "0.115.0", "@oxc-parser/binding-win32-arm64-msvc": "0.115.0", "@oxc-parser/binding-win32-ia32-msvc": "0.115.0", "@oxc-parser/binding-win32-x64-msvc": "0.115.0" } }, "sha512-2w7Xn3CbS/zwzSY82S5WLemrRu3CT57uF7Lx8llrE/2bul6iMTcJE4Rbls7GDNbLn3ttATI68PfOz2Pt3KZ2cQ=="],

    "oxc-walker": ["oxc-walker@0.7.0", "", { "dependencies": { "magic-regexp": "^0.10.0" }, "peerDependencies": { "oxc-parser": ">=0.98.0" } }, "sha512-54B4KUhrzbzc4sKvKwVYm7E2PgeROpGba0/2nlNZMqfDyca+yOor5IMb4WLGBatGDT0nkzYdYuzylg7n3YfB7A=="],

    "package-manager-detector": ["package-manager-detector@1.6.0", "", {}, "sha512-61A5ThoTiDG/C8s8UMZwSorAGwMJ0ERVGj2OjoW5pAalsNOg15+iQiPzrLJ4jhZ1HJzmC2PIHT2oEiH3R5fzNA=="],

    "pathe": ["pathe@2.0.3", "", {}, "sha512-WUjGcAqP1gQacoQe+OBJsFA7Ld4DyXuUIjZ5cc75cLHvJ7dtNsTugphxIADwspS+AraAUePCKrSVtPLFj/F88w=="],

    "perfect-debounce": ["perfect-debounce@2.1.0", "", {}, "sha512-LjgdTytVFXeUgtHZr9WYViYSM/g8MkcTPYDlPa3cDqMirHjKiSZPYd6DoL7pK8AJQr+uWkQvCjHNdiMqsrJs+g=="],

    "picocolors": ["picocolors@1.1.1", "", {}, "sha512-xceH2snhtb5M9liqDsmEw56le376mTZkEX/jEb/RxNFyegNul7eNslCXP9FDj/Lcu0X8KEyMceP2ntpaHrDEVA=="],

    "picomatch": ["picomatch@4.0.3", "", {}, "sha512-5gTmgEY/sqK6gFXLIsQNH19lWb4ebPDLA4SdLP7dsWkIXHWlG66oPuVvXSGFPppYZz8ZDZq0dYYrbHfBCVUb1Q=="],

    "pkg-types": ["pkg-types@1.3.1", "", { "dependencies": { "confbox": "^0.1.8", "mlly": "^1.7.4", "pathe": "^2.0.1" } }, "sha512-/Jm5M4RvtBFVkKWRu2BLUTNP8/M2a+UwuAX+ae4770q1qVGtfjG+WTCupoZixokjmHiry8uI+dlY8KXYV5HVVQ=="],

    "postcss": ["postcss@8.5.8", "", { "dependencies": { "nanoid": "^3.3.11", "picocolors": "^1.1.1", "source-map-js": "^1.2.1" } }, "sha512-OW/rX8O/jXnm82Ey1k44pObPtdblfiuWnrd8X7GJ7emImCOstunGbXUpp7HdBrFQX6rJzn3sPT397Wp5aCwCHg=="],

    "quansync": ["quansync@1.0.0", "", {}, "sha512-5xZacEEufv3HSTPQuchrvV6soaiACMFnq1H8wkVioctoH3TRha9Sz66lOxRwPK/qZj7HPiSveih9yAyh98gvqA=="],

    "readdirp": ["readdirp@5.0.0", "", {}, "sha512-9u/XQ1pvrQtYyMpZe7DXKv2p5CNvyVwzUB6uhLAnQwHMSgKMBR62lc7AHljaeteeHXn11XTAaLLUVZYVZyuRBQ=="],

    "regexp-tree": ["regexp-tree@0.1.27", "", { "bin": { "regexp-tree": "bin/regexp-tree" } }, "sha512-iETxpjK6YoRWJG5o6hXLwvjYAoW+FEZn9os0PD/b6AP6xQwsa/Y7lCVgIixBbUPMfhu+i2LtdeAqVTgGlQarfA=="],

    "rolldown": ["rolldown@1.0.0-rc.10", "", { "dependencies": { "@oxc-project/types": "=0.120.0", "@rolldown/pluginutils": "1.0.0-rc.10" }, "optionalDependencies": { "@rolldown/binding-android-arm64": "1.0.0-rc.10", "@rolldown/binding-darwin-arm64": "1.0.0-rc.10", "@rolldown/binding-darwin-x64": "1.0.0-rc.10", "@rolldown/binding-freebsd-x64": "1.0.0-rc.10", "@rolldown/binding-linux-arm-gnueabihf": "1.0.0-rc.10", "@rolldown/binding-linux-arm64-gnu": "1.0.0-rc.10", "@rolldown/binding-linux-arm64-musl": "1.0.0-rc.10", "@rolldown/binding-linux-ppc64-gnu": "1.0.0-rc.10", "@rolldown/binding-linux-s390x-gnu": "1.0.0-rc.10", "@rolldown/binding-linux-x64-gnu": "1.0.0-rc.10", "@rolldown/binding-linux-x64-musl": "1.0.0-rc.10", "@rolldown/binding-openharmony-arm64": "1.0.0-rc.10", "@rolldown/binding-wasm32-wasi": "1.0.0-rc.10", "@rolldown/binding-win32-arm64-msvc": "1.0.0-rc.10", "@rolldown/binding-win32-x64-msvc": "1.0.0-rc.10" }, "bin": { "rolldown": "bin/cli.mjs" } }, "sha512-q7j6vvarRFmKpgJUT8HCAUljkgzEp4LAhPlJUvQhA5LA1SUL36s5QCysMutErzL3EbNOZOkoziSx9iZC4FddKA=="],

    "sirv": ["sirv@3.0.2", "", { "dependencies": { "@polka/url": "^1.0.0-next.24", "mrmime": "^2.0.0", "totalist": "^3.0.0" } }, "sha512-2wcC/oGxHis/BoHkkPwldgiPSYcpZK3JU28WoMVv55yHJgcZ8rlXvuG9iZggz+sU1d4bRgIGASwyWqjxu3FM0g=="],

    "source-map-js": ["source-map-js@1.2.1", "", {}, "sha512-UXWMKhLOwVKb728IUtQPXxfYU+usdybtUrK/8uGE8CQMvrhOpwvzDBwj0QhSL7MQc7vIsISBG8VQ8+IDQxpfQA=="],

    "tinyexec": ["tinyexec@1.0.4", "", {}, "sha512-u9r3uZC0bdpGOXtlxUIdwf9pkmvhqJdrVCH9fapQtgy/OeTTMZ1nqH7agtvEfmGui6e1XxjcdrlxvxJvc3sMqw=="],

    "tinyglobby": ["tinyglobby@0.2.15", "", { "dependencies": { "fdir": "^6.5.0", "picomatch": "^4.0.3" } }, "sha512-j2Zq4NyQYG5XMST4cbs02Ak8iJUdxRM0XI5QyxXuZOzKOINmWurp3smXu3y5wDcJrptwpSjgXHzIQxR0omXljQ=="],

    "totalist": ["totalist@3.0.1", "", {}, "sha512-sf4i37nQ2LBx4m3wB74y+ubopq6W/dIzXg0FDGjsYnZHVa1Da8FH853wlL2gtUhg+xJXjfk3kUZS3BRoQeoQBQ=="],

    "tslib": ["tslib@2.8.1", "", {}, "sha512-oJFu94HQb+KVduSUQL7wnpmqnfmLsOA/nAh6b6EH0wCEoK0/mPeXU6c3wKDV83MkOuHPRHtSXKKU99IBazS/2w=="],

    "type-level-regexp": ["type-level-regexp@0.1.17", "", {}, "sha512-wTk4DH3cxwk196uGLK/E9pE45aLfeKJacKmcEgEOA/q5dnPGNxXt0cfYdFxb57L+sEpf1oJH4Dnx/pnRcku9jg=="],

    "typescript": ["typescript@5.9.3", "", { "bin": { "tsc": "bin/tsc", "tsserver": "bin/tsserver" } }, "sha512-jl1vZzPDinLr9eUt3J/t7V6FgNEw9QjvBPdysz9KfQDD41fQrC2Y4vKQdiaUpFT4bXlb1RHhLpp8wtm6M5TgSw=="],

    "ufo": ["ufo@1.6.3", "", {}, "sha512-yDJTmhydvl5lJzBmy/hyOAA0d+aqCBuwl818haVdYCRrWV84o7YyeVm4QlVHStqNrrJSTb6jKuFAVqAFsr+K3Q=="],

    "unconfig": ["unconfig@7.5.0", "", { "dependencies": { "@quansync/fs": "^1.0.0", "defu": "^6.1.4", "jiti": "^2.6.1", "quansync": "^1.0.0", "unconfig-core": "7.5.0" } }, "sha512-oi8Qy2JV4D3UQ0PsopR28CzdQ3S/5A1zwsUwp/rosSbfhJ5z7b90bIyTwi/F7hCLD4SGcZVjDzd4XoUQcEanvA=="],

    "unconfig-core": ["unconfig-core@7.5.0", "", { "dependencies": { "@quansync/fs": "^1.0.0", "quansync": "^1.0.0" } }, "sha512-Su3FauozOGP44ZmKdHy2oE6LPjk51M/TRRjHv2HNCWiDvfvCoxC2lno6jevMA91MYAdCdwP05QnWdWpSbncX/w=="],

    "unocss": ["unocss@66.6.7", "", { "dependencies": { "@unocss/cli": "66.6.7", "@unocss/core": "66.6.7", "@unocss/preset-attributify": "66.6.7", "@unocss/preset-icons": "66.6.7", "@unocss/preset-mini": "66.6.7", "@unocss/preset-tagify": "66.6.7", "@unocss/preset-typography": "66.6.7", "@unocss/preset-uno": "66.6.7", "@unocss/preset-web-fonts": "66.6.7", "@unocss/preset-wind": "66.6.7", "@unocss/preset-wind3": "66.6.7", "@unocss/preset-wind4": "66.6.7", "@unocss/transformer-attributify-jsx": "66.6.7", "@unocss/transformer-compile-class": "66.6.7", "@unocss/transformer-directives": "66.6.7", "@unocss/transformer-variant-group": "66.6.7", "@unocss/vite": "66.6.7" }, "peerDependencies": { "@unocss/astro": "66.6.7", "@unocss/postcss": "66.6.7", "@unocss/webpack": "66.6.7" }, "optionalPeers": ["@unocss/astro", "@unocss/postcss", "@unocss/webpack"] }, "sha512-TdZ/JnKhrqkknrMvLl0KOwrGzFThEspFIyYiylFYJki2JkMN/5EJIr+vIZEGRX69hFTjTLi6utIpbipueqzNbw=="],

    "unplugin": ["unplugin@2.3.11", "", { "dependencies": { "@jridgewell/remapping": "^2.3.5", "acorn": "^8.15.0", "picomatch": "^4.0.3", "webpack-virtual-modules": "^0.6.2" } }, "sha512-5uKD0nqiYVzlmCRs01Fhs2BdkEgBS3SAVP6ndrBsuK42iC2+JHyxM05Rm9G8+5mkmRtzMZGY8Ct5+mliZxU/Ww=="],

    "unplugin-utils": ["unplugin-utils@0.3.1", "", { "dependencies": { "pathe": "^2.0.3", "picomatch": "^4.0.3" } }, "sha512-5lWVjgi6vuHhJ526bI4nlCOmkCIF3nnfXkCMDeMJrtdvxTs6ZFCM8oNufGTsDbKv/tJ/xj8RpvXjRuPBZJuJog=="],

    "vite": ["vite@8.0.1", "", { "dependencies": { "lightningcss": "^1.32.0", "picomatch": "^4.0.3", "postcss": "^8.5.8", "rolldown": "1.0.0-rc.10", "tinyglobby": "^0.2.15" }, "optionalDependencies": { "fsevents": "~2.3.3" }, "peerDependencies": { "@types/node": "^20.19.0 || >=22.12.0", "@vitejs/devtools": "^0.1.0", "esbuild": "^0.27.0", "jiti": ">=1.21.0", "less": "^4.0.0", "sass": "^1.70.0", "sass-embedded": "^1.70.0", "stylus": ">=0.54.8", "sugarss": "^5.0.0", "terser": "^5.16.0", "tsx": "^4.8.1", "yaml": "^2.4.2" }, "optionalPeers": ["@types/node", "@vitejs/devtools", "esbuild", "jiti", "less", "sass", "sass-embedded", "stylus", "sugarss", "terser", "tsx", "yaml"], "bin": { "vite": "bin/vite.js" } }, "sha512-wt+Z2qIhfFt85uiyRt5LPU4oVEJBXj8hZNWKeqFG4gRG/0RaRGJ7njQCwzFVjO+v4+Ipmf5CY7VdmZRAYYBPHw=="],

    "webpack-virtual-modules": ["webpack-virtual-modules@0.6.2", "", {}, "sha512-66/V2i5hQanC51vBQKPH4aI8NMAcBW59FVBs+rC7eGHupMyfn34q7rZIE+ETlJ+XTevqfUhVVBgSUNSW2flEUQ=="],

    "oxc-parser/@oxc-project/types": ["@oxc-project/types@0.115.0", "", {}, "sha512-4n91DKnebUS4yjUHl2g3/b2T+IUdCfmoZGhmwsovZCDaJSs+QkVAM+0AqqTxHSsHfeiMuueT75cZaZcT/m0pSw=="],
  }
}
