{
  "name": "@flexilla/uno-preset",
  "version": "0.0.5",
  "lockfileVersion": 3,
  "requires": true,
  "packages": {
    "": {
      "name": "@flexilla/uno-preset",
      "version": "0.0.5",
      "deprecated": "This package is no longer maintained. Please use Replacement Package @unifydev/flexilla instead.",
      "license": "MIT"
    }
  }
}
